
Microsoft Visual Studio Solution File, Format Version 12.00
# Visual Studio Version 17
VisualStudioVersion = 17.2.32516.85
MinimumVisualStudioVersion = 10.0.40219.1
Project("{9A19103F-16F7-4668-BE54-9A1E7A4F7556}") = "Web.WS.Client", "nop77svk-http-ws-api\Web.WS.Client.csproj", "{F882A3EC-F2C5-4F06-99E0-14458491C0E5}"
EndProject
Project("{9A19103F-16F7-4668-BE54-9A1E7A4F7556}") = "nop77svk-misc", "nop77svk-misc\nop77svk-misc.csproj", "{E22D3039-1233-48E6-9C96-6D442CE5809B}"
EndProject
Project("{9A19103F-16F7-4668-BE54-9A1E7A4F7556}") = "Text.ConnectionStringParsers.Tests", "nop77svk-connection-string-parsers.tests\Text.ConnectionStringParsers.Tests.csproj", "{6F6ED149-C327-4B43-AFF6-6EDBA8464A0B}"
EndProject
Project("{9A19103F-16F7-4668-BE54-9A1E7A4F7556}") = "Text.ConnectionStringParsers", "nop77svk-connection-string-parsers\Text.ConnectionStringParsers.csproj", "{8987092F-10DA-4918-867A-69F85DFE4822}"
EndProject
Project("{9A19103F-16F7-4668-BE54-9A1E7A4F7556}") = "Linq", "nop77svk-linq\Linq.csproj", "{1D53715A-7B12-4716-8C1C-EC11A4ABBC81}"
EndProject
Project("{9A19103F-16F7-4668-BE54-9A1E7A4F7556}") = "Linq.Tests", "nop77svk-ext-linq-outerjoins.tests\Linq.Tests.csproj", "{AFD99B8E-CE46-4DE9-A2E0-D9BE97BCA4B0}"
EndProject
Project("{2150E333-8FDC-42A3-9474-1A3956D46DE8}") = "Solution Items", "Solution Items", "{0DA891DA-2782-474C-9F09-CD11D5EAE8D2}"
	ProjectSection(SolutionItems) = preProject
		GlobalSuppressions.cs = GlobalSuppressions.cs
	EndProjectSection
EndProject
Project("{FAE04EC0-301F-11D3-BF4B-00C04F79EFBC}") = "Console", "Console\Console.csproj", "{3AF1E970-886C-4E1D-83DE-40FF6556FFBA}"
EndProject
Global
	GlobalSection(SolutionConfigurationPlatforms) = preSolution
		Debug|Any CPU = Debug|Any CPU
		Release|Any CPU = Release|Any CPU
	EndGlobalSection
	GlobalSection(ProjectConfigurationPlatforms) = postSolution
		{F882A3EC-F2C5-4F06-99E0-14458491C0E5}.Debug|Any CPU.ActiveCfg = Debug|Any CPU
		{F882A3EC-F2C5-4F06-99E0-14458491C0E5}.Debug|Any CPU.Build.0 = Debug|Any CPU
		{F882A3EC-F2C5-4F06-99E0-14458491C0E5}.Release|Any CPU.ActiveCfg = Release|Any CPU
		{F882A3EC-F2C5-4F06-99E0-14458491C0E5}.Release|Any CPU.Build.0 = Release|Any CPU
		{E22D3039-1233-48E6-9C96-6D442CE5809B}.Debug|Any CPU.ActiveCfg = Debug|Any CPU
		{E22D3039-1233-48E6-9C96-6D442CE5809B}.Debug|Any CPU.Build.0 = Debug|Any CPU
		{E22D3039-1233-48E6-9C96-6D442CE5809B}.Release|Any CPU.ActiveCfg = Release|Any CPU
		{E22D3039-1233-48E6-9C96-6D442CE5809B}.Release|Any CPU.Build.0 = Release|Any CPU
		{6F6ED149-C327-4B43-AFF6-6EDBA8464A0B}.Debug|Any CPU.ActiveCfg = Debug|Any CPU
		{6F6ED149-C327-4B43-AFF6-6EDBA8464A0B}.Debug|Any CPU.Build.0 = Debug|Any CPU
		{6F6ED149-C327-4B43-AFF6-6EDBA8464A0B}.Release|Any CPU.ActiveCfg = Release|Any CPU
		{6F6ED149-C327-4B43-AFF6-6EDBA8464A0B}.Release|Any CPU.Build.0 = Release|Any CPU
		{8987092F-10DA-4918-867A-69F85DFE4822}.Debug|Any CPU.ActiveCfg = Debug|Any CPU
		{8987092F-10DA-4918-867A-69F85DFE4822}.Debug|Any CPU.Build.0 = Debug|Any CPU
		{8987092F-10DA-4918-867A-69F85DFE4822}.Release|Any CPU.ActiveCfg = Release|Any CPU
		{8987092F-10DA-4918-867A-69F85DFE4822}.Release|Any CPU.Build.0 = Release|Any CPU
		{1D53715A-7B12-4716-8C1C-EC11A4ABBC81}.Debug|Any CPU.ActiveCfg = Debug|Any CPU
		{1D53715A-7B12-4716-8C1C-EC11A4ABBC81}.Debug|Any CPU.Build.0 = Debug|Any CPU
		{1D53715A-7B12-4716-8C1C-EC11A4ABBC81}.Release|Any CPU.ActiveCfg = Release|Any CPU
		{1D53715A-7B12-4716-8C1C-EC11A4ABBC81}.Release|Any CPU.Build.0 = Release|Any CPU
		{AFD99B8E-CE46-4DE9-A2E0-D9BE97BCA4B0}.Debug|Any CPU.ActiveCfg = Debug|Any CPU
		{AFD99B8E-CE46-4DE9-A2E0-D9BE97BCA4B0}.Debug|Any CPU.Build.0 = Debug|Any CPU
		{AFD99B8E-CE46-4DE9-A2E0-D9BE97BCA4B0}.Release|Any CPU.ActiveCfg = Release|Any CPU
		{AFD99B8E-CE46-4DE9-A2E0-D9BE97BCA4B0}.Release|Any CPU.Build.0 = Release|Any CPU
		{3AF1E970-886C-4E1D-83DE-40FF6556FFBA}.Debug|Any CPU.ActiveCfg = Debug|Any CPU
		{3AF1E970-886C-4E1D-83DE-40FF6556FFBA}.Debug|Any CPU.Build.0 = Debug|Any CPU
		{3AF1E970-886C-4E1D-83DE-40FF6556FFBA}.Release|Any CPU.ActiveCfg = Release|Any CPU
		{3AF1E970-886C-4E1D-83DE-40FF6556FFBA}.Release|Any CPU.Build.0 = Release|Any CPU
	EndGlobalSection
	GlobalSection(SolutionProperties) = preSolution
		HideSolutionNode = FALSE
	EndGlobalSection
	GlobalSection(ExtensibilityGlobals) = postSolution
		SolutionGuid = {1ED8C1AF-97F9-47A4-851F-A005BA45E321}
	EndGlobalSection
EndGlobal
